
Microsoft Visual Studio Solution File, Format Version 12.00
# Visual Studio 15
VisualStudioVersion = 15.0.28307.852
MinimumVisualStudioVersion = 10.0.40219.1
Project("{2150E333-8FDC-42A3-9474-1A3956D46DE8}") = "BusinessLogic Layer", "BusinessLogic Layer", "{84F5C70F-3EB6-426D-B60B-775007EDC68F}"
EndProject
Project("{FAE04EC0-301F-11D3-BF4B-00C04F79EFBC}") = "IndiSCADABusinessLogic", "IndiSCADABusinessLogic\IndiSCADABusinessLogic.csproj", "{14653BEB-2AB3-4781-B614-47ACBEDE1604}"
EndProject
Project("{2150E333-8FDC-42A3-9474-1A3956D46DE8}") = "Presentation Layer", "Presentation Layer", "{46C47D9E-C927-4137-90E0-5613474F3B9E}"
EndProject
Project("{FAE04EC0-301F-11D3-BF4B-00C04F79EFBC}") = "IndiSCADA-ST", "IndiSCADA-ST\IndiSCADA-ST.csproj", "{3ACC5F44-3282-44B9-8742-AC54477A3B5C}"
EndProject
Project("{2150E333-8FDC-42A3-9474-1A3956D46DE8}") = "DataAccess Layer", "DataAccess Layer", "{74645C1F-16A2-44CF-A7A1-E19D4AD723A2}"
EndProject
Project("{FAE04EC0-301F-11D3-BF4B-00C04F79EFBC}") = "IndiSCADADataAccess", "IndiSCADADataAccess\IndiSCADADataAccess.csproj", "{D0EB52A9-F952-44E2-816F-60EFE53A6D42}"
EndProject
Project("{2150E333-8FDC-42A3-9474-1A3956D46DE8}") = "DeviceCommunication Layer", "DeviceCommunication Layer", "{40CB6D60-4C47-4EE5-8DDC-002AC82B3A51}"
EndProject
Project("{FAE04EC0-301F-11D3-BF4B-00C04F79EFBC}") = "DeviceCommunication", "DeviceCommunication\DeviceCommunication.csproj", "{28EABFC4-5D75-4425-AA09-9930BF3917E3}"
EndProject
Project("{2150E333-8FDC-42A3-9474-1A3956D46DE8}") = "Entity Layer", "Entity Layer", "{E196CABA-834E-4084-9EA4-EA74E5E58E60}"
EndProject
Project("{FAE04EC0-301F-11D3-BF4B-00C04F79EFBC}") = "IndiSCADAEntity", "IndiSCADAEntity\IndiSCADAEntity.csproj", "{CE93E7C3-BEC9-49F0-9397-22AD9AE28DF4}"
EndProject
Project("{2150E333-8FDC-42A3-9474-1A3956D46DE8}") = "Error Handling", "Error Handling", "{C53FACC5-4146-444C-B7BB-A8012286FC0D}"
EndProject
Project("{FAE04EC0-301F-11D3-BF4B-00C04F79EFBC}") = "ErrorLogger", "ErrorLogger\ErrorLogger.csproj", "{93B5C13A-5287-4790-8C28-F1DA058A2ADD}"
EndProject
Project("{2150E333-8FDC-42A3-9474-1A3956D46DE8}") = "Global Library", "Global Library", "{1AFF7B26-10FD-4C31-B696-309EA0E88E3D}"
EndProject
Project("{FAE04EC0-301F-11D3-BF4B-00C04F79EFBC}") = "IndiSCADAGlobalLibrary", "IndiSCADAGlobalLibrary\IndiSCADAGlobalLibrary.csproj", "{DB9BD1B9-DAF7-4FD0-96F8-8C86AA3DB036}"
EndProject
Project("{2150E333-8FDC-42A3-9474-1A3956D46DE8}") = "Routing Layer", "Routing Layer", "{EB42BCF9-7DF2-41DA-B15D-438D620056E6}"
EndProject
Project("{FAE04EC0-301F-11D3-BF4B-00C04F79EFBC}") = "IndiSCADARouting", "IndiSCADARouting\IndiSCADARouting.csproj", "{B9FB2C4C-8079-48F1-BFE5-0359AFFA5BCE}"
EndProject
Project("{2150E333-8FDC-42A3-9474-1A3956D46DE8}") = "Translation Layer", "Translation Layer", "{89AE049B-8A0F-4D01-823F-F1ABB929744A}"
EndProject
Project("{FAE04EC0-301F-11D3-BF4B-00C04F79EFBC}") = "IndiSCADATranslation", "IndiSCADATranslation\IndiSCADATranslation.csproj", "{39C89BE5-A711-4A2A-BAE8-28CFA1F8FE6C}"
EndProject
Global
	GlobalSection(SolutionConfigurationPlatforms) = preSolution
		Debug|Any CPU = Debug|Any CPU
		Release|Any CPU = Release|Any CPU
	EndGlobalSection
	GlobalSection(ProjectConfigurationPlatforms) = postSolution
		{14653BEB-2AB3-4781-B614-47ACBEDE1604}.Debug|Any CPU.ActiveCfg = Debug|Any CPU
		{14653BEB-2AB3-4781-B614-47ACBEDE1604}.Debug|Any CPU.Build.0 = Debug|Any CPU
		{14653BEB-2AB3-4781-B614-47ACBEDE1604}.Release|Any CPU.ActiveCfg = Release|Any CPU
		{14653BEB-2AB3-4781-B614-47ACBEDE1604}.Release|Any CPU.Build.0 = Release|Any CPU
		{3ACC5F44-3282-44B9-8742-AC54477A3B5C}.Debug|Any CPU.ActiveCfg = Debug|Any CPU
		{3ACC5F44-3282-44B9-8742-AC54477A3B5C}.Debug|Any CPU.Build.0 = Debug|Any CPU
		{3ACC5F44-3282-44B9-8742-AC54477A3B5C}.Release|Any CPU.ActiveCfg = Release|Any CPU
		{3ACC5F44-3282-44B9-8742-AC54477A3B5C}.Release|Any CPU.Build.0 = Release|Any CPU
		{D0EB52A9-F952-44E2-816F-60EFE53A6D42}.Debug|Any CPU.ActiveCfg = Debug|Any CPU
		{D0EB52A9-F952-44E2-816F-60EFE53A6D42}.Debug|Any CPU.Build.0 = Debug|Any CPU
		{D0EB52A9-F952-44E2-816F-60EFE53A6D42}.Release|Any CPU.ActiveCfg = Release|Any CPU
		{D0EB52A9-F952-44E2-816F-60EFE53A6D42}.Release|Any CPU.Build.0 = Release|Any CPU
		{28EABFC4-5D75-4425-AA09-9930BF3917E3}.Debug|Any CPU.ActiveCfg = Debug|Any CPU
		{28EABFC4-5D75-4425-AA09-9930BF3917E3}.Debug|Any CPU.Build.0 = Debug|Any CPU
		{28EABFC4-5D75-4425-AA09-9930BF3917E3}.Release|Any CPU.ActiveCfg = Release|Any CPU
		{28EABFC4-5D75-4425-AA09-9930BF3917E3}.Release|Any CPU.Build.0 = Release|Any CPU
		{CE93E7C3-BEC9-49F0-9397-22AD9AE28DF4}.Debug|Any CPU.ActiveCfg = Debug|Any CPU
		{CE93E7C3-BEC9-49F0-9397-22AD9AE28DF4}.Debug|Any CPU.Build.0 = Debug|Any CPU
		{CE93E7C3-BEC9-49F0-9397-22AD9AE28DF4}.Release|Any CPU.ActiveCfg = Release|Any CPU
		{CE93E7C3-BEC9-49F0-9397-22AD9AE28DF4}.Release|Any CPU.Build.0 = Release|Any CPU
		{93B5C13A-5287-4790-8C28-F1DA058A2ADD}.Debug|Any CPU.ActiveCfg = Debug|Any CPU
		{93B5C13A-5287-4790-8C28-F1DA058A2ADD}.Debug|Any CPU.Build.0 = Debug|Any CPU
		{93B5C13A-5287-4790-8C28-F1DA058A2ADD}.Release|Any CPU.ActiveCfg = Release|Any CPU
		{93B5C13A-5287-4790-8C28-F1DA058A2ADD}.Release|Any CPU.Build.0 = Release|Any CPU
		{DB9BD1B9-DAF7-4FD0-96F8-8C86AA3DB036}.Debug|Any CPU.ActiveCfg = Debug|Any CPU
		{DB9BD1B9-DAF7-4FD0-96F8-8C86AA3DB036}.Debug|Any CPU.Build.0 = Debug|Any CPU
		{DB9BD1B9-DAF7-4FD0-96F8-8C86AA3DB036}.Release|Any CPU.ActiveCfg = Release|Any CPU
		{DB9BD1B9-DAF7-4FD0-96F8-8C86AA3DB036}.Release|Any CPU.Build.0 = Release|Any CPU
		{B9FB2C4C-8079-48F1-BFE5-0359AFFA5BCE}.Debug|Any CPU.ActiveCfg = Debug|Any CPU
		{B9FB2C4C-8079-48F1-BFE5-0359AFFA5BCE}.Debug|Any CPU.Build.0 = Debug|Any CPU
		{B9FB2C4C-8079-48F1-BFE5-0359AFFA5BCE}.Release|Any CPU.ActiveCfg = Release|Any CPU
		{B9FB2C4C-8079-48F1-BFE5-0359AFFA5BCE}.Release|Any CPU.Build.0 = Release|Any CPU
		{39C89BE5-A711-4A2A-BAE8-28CFA1F8FE6C}.Debug|Any CPU.ActiveCfg = Debug|Any CPU
		{39C89BE5-A711-4A2A-BAE8-28CFA1F8FE6C}.Debug|Any CPU.Build.0 = Debug|Any CPU
		{39C89BE5-A711-4A2A-BAE8-28CFA1F8FE6C}.Release|Any CPU.ActiveCfg = Release|Any CPU
		{39C89BE5-A711-4A2A-BAE8-28CFA1F8FE6C}.Release|Any CPU.Build.0 = Release|Any CPU
	EndGlobalSection
	GlobalSection(SolutionProperties) = preSolution
		HideSolutionNode = FALSE
	EndGlobalSection
	GlobalSection(NestedProjects) = preSolution
		{14653BEB-2AB3-4781-B614-47ACBEDE1604} = {84F5C70F-3EB6-426D-B60B-775007EDC68F}
		{3ACC5F44-3282-44B9-8742-AC54477A3B5C} = {46C47D9E-C927-4137-90E0-5613474F3B9E}
		{D0EB52A9-F952-44E2-816F-60EFE53A6D42} = {74645C1F-16A2-44CF-A7A1-E19D4AD723A2}
		{28EABFC4-5D75-4425-AA09-9930BF3917E3} = {40CB6D60-4C47-4EE5-8DDC-002AC82B3A51}
		{CE93E7C3-BEC9-49F0-9397-22AD9AE28DF4} = {E196CABA-834E-4084-9EA4-EA74E5E58E60}
		{93B5C13A-5287-4790-8C28-F1DA058A2ADD} = {C53FACC5-4146-444C-B7BB-A8012286FC0D}
		{DB9BD1B9-DAF7-4FD0-96F8-8C86AA3DB036} = {1AFF7B26-10FD-4C31-B696-309EA0E88E3D}
		{B9FB2C4C-8079-48F1-BFE5-0359AFFA5BCE} = {EB42BCF9-7DF2-41DA-B15D-438D620056E6}
		{39C89BE5-A711-4A2A-BAE8-28CFA1F8FE6C} = {89AE049B-8A0F-4D01-823F-F1ABB929744A}
	EndGlobalSection
	GlobalSection(ExtensibilityGlobals) = postSolution
		SolutionGuid = {938B684B-55E3-4266-890D-E9A638A8F18E}
	EndGlobalSection
EndGlobal
